{
  "object": {
    "pins": [
      {
        "package": "BCrypt",
        "repositoryURL": "https://github.com/vapor/bcrypt.git",
        "state": {
          "branch": null,
          "revision": "a36b6f0381f2edb9fb32b8882ebc801ba8db10ef",
          "version": "1.1.1"
        }
      },
      {
        "package": "Bits",
        "repositoryURL": "https://github.com/vapor/bits.git",
        "state": {
          "branch": null,
          "revision": "03079476b04139a8b744ad96f975176df5ae12bc",
          "version": "1.1.1"
        }
      },
      {
        "package": "Console",
        "repositoryURL": "https://github.com/vapor/console.git",
        "state": {
          "branch": null,
          "revision": "78d27da2838aa2fb0354037e71a589583d166b41",
          "version": "2.3.1"
        }
      },
      {
        "package": "Core",
        "repositoryURL": "https://github.com/vapor/core.git",
        "state": {
          "branch": null,
          "revision": "aa15871311b497a24a7f0e96b1ae6865dd600818",
          "version": "2.2.1"
        }
      },
      {
        "package": "CPostgreSQL",
        "repositoryURL": "https://github.com/vapor-community/cpostgresql.git",
        "state": {
          "branch": null,
          "revision": "33f0f94f023ab61ccd0ba2f076dd6a448be853e3",
          "version": "2.1.0"
        }
      },
      {
        "package": "Crypto",
        "repositoryURL": "https://github.com/vapor/crypto.git",
        "state": {
          "branch": null,
          "revision": "95e96b4d8e5c81da850db512a2fde167548f9094",
          "version": "2.1.3"
        }
      },
      {
        "package": "CTLS",
        "repositoryURL": "https://github.com/vapor/ctls.git",
        "state": {
          "branch": null,
          "revision": "fba1297f4986a4dac8b02f7ac4e84a77fd492e4c",
          "version": "1.1.3"
        }
      },
      {
        "package": "Debugging",
        "repositoryURL": "https://github.com/vapor/debugging.git",
        "state": {
          "branch": null,
          "revision": "fc5a27d6eb236141dc24e5f14eedaa2e035ae7b3",
          "version": "1.1.1"
        }
      },
      {
        "package": "Engine",
        "repositoryURL": "https://github.com/vapor/engine.git",
        "state": {
          "branch": null,
          "revision": "e44822c7516676d8bcb0141a6e248a88847b110c",
          "version": "2.2.5"
        }
      },
      {
        "package": "Fluent",
        "repositoryURL": "https://github.com/vapor/fluent.git",
        "state": {
          "branch": null,
          "revision": "84b0d96a61b66168f2a61ec788581e0a2ab6f9c3",
          "version": "2.5.1"
        }
      },
      {
        "package": "FluentProvider",
        "repositoryURL": "https://github.com/vapor/fluent-provider.git",
        "state": {
          "branch": null,
          "revision": "425d973f7cad7bfa987409b9e4a8659c14c6f0e0",
          "version": "1.3.0"
        }
      },
      {
        "package": "JSON",
        "repositoryURL": "https://github.com/vapor/json.git",
        "state": {
          "branch": null,
          "revision": "6c7ce40d30b322d45cc49a8f1d742609d3228eb7",
          "version": "2.2.2"
        }
      },
      {
        "package": "Leaf",
        "repositoryURL": "https://github.com/vapor/leaf.git",
        "state": {
          "branch": null,
          "revision": "84d8af322158b71284c0ebd513f1c18474837d40",
          "version": "2.0.2"
        }
      },
      {
        "package": "LeafErrorMiddleware",
        "repositoryURL": "https://github.com/brokenhandsio/leaf-error-middleware.git",
        "state": {
          "branch": null,
          "revision": "8df1a25cf83251c2bfeb9cb9289f6c601ab3e470",
          "version": "0.1.0"
        }
      },
      {
        "package": "LeafProvider",
        "repositoryURL": "https://github.com/vapor/leaf-provider.git",
        "state": {
          "branch": null,
          "revision": "0cbeb0db6fc955c2cf12a0293c1e54f16cbb1ca3",
          "version": "1.1.0"
        }
      },
      {
        "package": "Multipart",
        "repositoryURL": "https://github.com/vapor/multipart.git",
        "state": {
          "branch": null,
          "revision": "1d98ad2205d0620fe2801048f76420572281e6e8",
          "version": "2.2.1"
        }
      },
      {
        "package": "Node",
        "repositoryURL": "https://github.com/vapor/node.git",
        "state": {
          "branch": null,
          "revision": "607aa595081da496f0f04a5c0cffd976e81d2e4e",
          "version": "2.1.5"
        }
      },
      {
        "package": "PostgreSQL",
        "repositoryURL": "https://github.com/vapor-community/postgresql.git",
        "state": {
          "branch": null,
          "revision": "1d23662a0b1b6b4689319607bb8d22daa57e5fca",
          "version": "2.1.2"
        }
      },
      {
        "package": "PostgreSQLDriver",
        "repositoryURL": "https://github.com/vapor-community/postgresql-driver.git",
        "state": {
          "branch": null,
          "revision": "a8a410d4291094b0adc4ebb49adbc9d9310567ef",
          "version": "2.1.0"
        }
      },
      {
        "package": "PostgreSQLProvider",
        "repositoryURL": "https://github.com/vapor-community/postgresql-provider.git",
        "state": {
          "branch": null,
          "revision": "28eda35d9887172d3f3e5769db603339d3e88f05",
          "version": "2.1.0"
        }
      },
      {
        "package": "Random",
        "repositoryURL": "https://github.com/vapor/random.git",
        "state": {
          "branch": null,
          "revision": "d7c4397d125caba795d14d956efacfe2a27a63d0",
          "version": "1.2.0"
        }
      },
      {
        "package": "Routing",
        "repositoryURL": "https://github.com/vapor/routing.git",
        "state": {
          "branch": null,
          "revision": "e950f3d56fb2eab6a64dafcfdb89ac98866045b8",
          "version": "2.2.1"
        }
      },
      {
        "package": "SendGridProvider",
        "repositoryURL": "https://github.com/vapor-community/sendgrid-provider.git",
        "state": {
          "branch": null,
          "revision": "dd565b84d1f666c72591c94ef95a1f505eb4daee",
          "version": "2.2.1"
        }
      },
      {
        "package": "Sockets",
        "repositoryURL": "https://github.com/vapor/sockets.git",
        "state": {
          "branch": null,
          "revision": "79fc180cdcb451dbbb01b1156be36720adde80e0",
          "version": "2.2.3"
        }
      },
      {
        "package": "SQLite",
        "repositoryURL": "https://github.com/vapor/sqlite.git",
        "state": {
          "branch": null,
          "revision": "9aceb6a0d7b1698a557647493bd78b030dad468b",
          "version": "2.3.1"
        }
      },
      {
        "package": "Stripe",
        "repositoryURL": "https://github.com/vapor-community/stripe.git",
        "state": {
          "branch": null,
          "revision": "b995ce2551665dc993247fbc2bc64b1118e841dd",
          "version": "1.0.1"
        }
      },
      {
        "package": "TLS",
        "repositoryURL": "https://github.com/vapor/tls.git",
        "state": {
          "branch": null,
          "revision": "a5981b0a370f227521330beb92b7ce6d636a1eb2",
          "version": "2.1.3"
        }
      },
      {
        "package": "Vapor",
        "repositoryURL": "https://github.com/vapor/vapor.git",
        "state": {
          "branch": null,
          "revision": "9ea2ca524f05e97c599ece90da504ac3f7e26d77",
          "version": "2.4.4"
        }
      }
    ]
  },
  "version": 1
}
